Microsoft Visual Studio Solution File, Format Version 12.00
# Visual Studio Version 16
VisualStudioVersion = 16.0.29102.190
MinimumVisualStudioVersion = 10.0.40219.1
Project("{FAE04EC0-301F-11D3-BF4B-00C04F79EFBC}") = "StartNAV", "StartNAV\StartNAV.csproj", "{C84269BC-C609-47E4-AF71-C99E2EFAEDA6}"
	ProjectSection(ProjectDependencies) = postProject
		{BEC97818-E846-4E00-B431-64E90BEE813F} = {BEC97818-E846-4E00-B431-64E90BEE813F}
		{EAD60699-8F8F-4A7A-BF01-DF8A7C0EBDED} = {EAD60699-8F8F-4A7A-BF01-DF8A7C0EBDED}
	EndProjectSection
EndProject
Project("{FAE04EC0-301F-11D3-BF4B-00C04F79EFBC}") = "Updater", "Updater\Updater.csproj", "{BEC97818-E846-4E00-B431-64E90BEE813F}"
EndProject
Project("{2150E333-8FDC-42A3-9474-1A3956D46DE8}") = "Solution Items", "Solution Items", "{5FE04FB8-E5CA-4F5A-93E7-4E75B6B18E37}"
	ProjectSection(SolutionItems) = preProject
		.editorconfig = .editorconfig
	EndProjectSection
EndProject
Project("{FAE04EC0-301F-11D3-BF4B-00C04F79EFBC}") = "NAVFilterConvert", "NAVFilterConvert\NAVFilterConvert.csproj", "{EAD60699-8F8F-4A7A-BF01-DF8A7C0EBDED}"
EndProject
Global
	GlobalSection(SolutionConfigurationPlatforms) = preSolution
		debug Beta|Any CPU = debug Beta|Any CPU
		Debug|Any CPU = Debug|Any CPU
		Release|Any CPU = Release|Any CPU
	EndGlobalSection
	GlobalSection(ProjectConfigurationPlatforms) = postSolution
		{C84269BC-C609-47E4-AF71-C99E2EFAEDA6}.debug Beta|Any CPU.ActiveCfg = Debug|Any CPU
		{C84269BC-C609-47E4-AF71-C99E2EFAEDA6}.debug Beta|Any CPU.Build.0 = Debug|Any CPU
		{C84269BC-C609-47E4-AF71-C99E2EFAEDA6}.Debug|Any CPU.ActiveCfg = Debug|Any CPU
		{C84269BC-C609-47E4-AF71-C99E2EFAEDA6}.Debug|Any CPU.Build.0 = Debug|Any CPU
		{C84269BC-C609-47E4-AF71-C99E2EFAEDA6}.Release|Any CPU.ActiveCfg = Release|Any CPU
		{C84269BC-C609-47E4-AF71-C99E2EFAEDA6}.Release|Any CPU.Build.0 = Release|Any CPU
		{BEC97818-E846-4E00-B431-64E90BEE813F}.debug Beta|Any CPU.ActiveCfg = Debug Beta|Any CPU
		{BEC97818-E846-4E00-B431-64E90BEE813F}.debug Beta|Any CPU.Build.0 = Debug Beta|Any CPU
		{BEC97818-E846-4E00-B431-64E90BEE813F}.Debug|Any CPU.ActiveCfg = Debug|Any CPU
		{BEC97818-E846-4E00-B431-64E90BEE813F}.Debug|Any CPU.Build.0 = Debug|Any CPU
		{BEC97818-E846-4E00-B431-64E90BEE813F}.Release|Any CPU.ActiveCfg = Release|Any CPU
		{BEC97818-E846-4E00-B431-64E90BEE813F}.Release|Any CPU.Build.0 = Release|Any CPU
		{EAD60699-8F8F-4A7A-BF01-DF8A7C0EBDED}.debug Beta|Any CPU.ActiveCfg = Debug|Any CPU
		{EAD60699-8F8F-4A7A-BF01-DF8A7C0EBDED}.debug Beta|Any CPU.Build.0 = Debug|Any CPU
		{EAD60699-8F8F-4A7A-BF01-DF8A7C0EBDED}.Debug|Any CPU.ActiveCfg = Debug|Any CPU
		{EAD60699-8F8F-4A7A-BF01-DF8A7C0EBDED}.Debug|Any CPU.Build.0 = Debug|Any CPU
		{EAD60699-8F8F-4A7A-BF01-DF8A7C0EBDED}.Release|Any CPU.ActiveCfg = Release|Any CPU
		{EAD60699-8F8F-4A7A-BF01-DF8A7C0EBDED}.Release|Any CPU.Build.0 = Release|Any CPU
	EndGlobalSection
	GlobalSection(SolutionProperties) = preSolution
		HideSolutionNode = FALSE
	EndGlobalSection
	GlobalSection(ExtensibilityGlobals) = postSolution
		SolutionGuid = {CFF17B65-D9B2-4977-B5B6-42C35ED41284}
	EndGlobalSection
EndGlobal
